// !$*UTF8*$!
{
	archiveVersion = 1;
	classes = {
	};
	objectVersion = 50;
	objects = {

/* Begin PBXBuildFile section */
		248EBF3F22C6039100FB94D6 /* AppDelegate.swift in Sources */ = {isa = PBXBuildFile; fileRef = 248EBF3E22C6039100FB94D6 /* AppDelegate.swift */; };
		248EBF4122C6039100FB94D6 /* ViewController.swift in Sources */ = {isa = PBXBuildFile; fileRef = 248EBF4022C6039100FB94D6 /* ViewController.swift */; };
		248EBF4422C6039100FB94D6 /* Main.storyboard in Resources */ = {isa = PBXBuildFile; fileRef = 248EBF4222C6039100FB94D6 /* Main.storyboard */; };
		248EBF4622C6039200FB94D6 /* Assets.xcassets in Resources */ = {isa = PBXBuildFile; fileRef = 248EBF4522C6039200FB94D6 /* Assets.xcassets */; };
		248EBF4922C6039200FB94D6 /* LaunchScreen.storyboard in Resources */ = {isa = PBXBuildFile; fileRef = 248EBF4722C6039200FB94D6 /* LaunchScreen.storyboard */; };
		248EBF5422C6039200FB94D6 /* didactic_waffleUITests.swift in Sources */ = {isa = PBXBuildFile; fileRef = 248EBF5322C6039200FB94D6 /* didactic_waffleUITests.swift */; };
/* End PBXBuildFile section */

/* Begin PBXContainerItemProxy section */
		248EBF5022C6039200FB94D6 /* PBXContainerItemProxy */ = {
			isa = PBXContainerItemProxy;
			containerPortal = 248EBF3322C6039100FB94D6 /* Project object */;
			proxyType = 1;
			remoteGlobalIDString = 248EBF3A22C6039100FB94D6;
			remoteInfo = "didactic-waffle";
		};
/* End PBXContainerItemProxy section */

/* Begin PBXFileReference section */
		248EBF3B22C6039100FB94D6 /* didactic-waffle.app */ = {isa = PBXFileReference; explicitFileType = wrapper.application; includeInIndex = 0; path = "didactic-waffle.app"; sourceTree = BUILT_PRODUCTS_DIR; };
		248EBF3E22C6039100FB94D6 /* AppDelegate.swift */ = {isa = PBXFileReference; lastKnownFileType = sourcecode.swift; path = AppDelegate.swift; sourceTree = "<group>"; };
		248EBF4022C6039100FB94D6 /* ViewController.swift */ = {isa = PBXFileReference; lastKnownFileType = sourcecode.swift; path = ViewController.swift; sourceTree = "<group>"; };
		248EBF4322C6039100FB94D6 /* Base */ = {isa = PBXFileReference; lastKnownFileType = file.storyboard; name = Base; path = Base.lproj/Main.storyboard; sourceTree = "<group>"; };
		248EBF4522C6039200FB94D6 /* Assets.xcassets */ = {isa = PBXFileReference; lastKnownFileType = folder.assetcatalog; path = Assets.xcassets; sourceTree = "<group>"; };
		248EBF4822C6039200FB94D6 /* Base */ = {isa = PBXFileReference; lastKnownFileType = file.storyboard; name = Base; path = Base.lproj/LaunchScreen.storyboard; sourceTree = "<group>"; };
		248EBF4A22C6039200FB94D6 /* Info.plist */ = {isa = PBXFileReference; lastKnownFileType = text.plist.xml; path = Info.plist; sourceTree = "<group>"; };
		248EBF4F22C6039200FB94D6 /* didactic-waffleUITests.xctest */ = {isa = PBXFileReference; explicitFileType = wrapper.cfbundle; includeInIndex = 0; path = "didactic-waffleUITests.xctest"; sourceTree = BUILT_PRODUCTS_DIR; };
		248EBF5322C6039200FB94D6 /* didactic_waffleUITests.swift */ = {isa = PBXFileReference; lastKnownFileType = sourcecode.swift; path = didactic_waffleUITests.swift; sourceTree = "<group>"; };
		248EBF5522C6039200FB94D6 /* Info.plist */ = {isa = PBXFileReference; lastKnownFileType = text.plist.xml; path = Info.plist; sourceTree = "<group>"; };
/* End PBXFileReference section */

/* Begin PBXFrameworksBuildPhase section */
		248EBF3822C6039100FB94D6 /* Frameworks */ = {
			isa = PBXFrameworksBuildPhase;
			buildActionMask = 2147483647;
			files = (
			);
			runOnlyForDeploymentPostprocessing = 0;
		};
		248EBF4C22C6039200FB94D6 /* Frameworks */ = {
			isa = PBXFrameworksBuildPhase;
			buildActionMask = 2147483647;
			files = (
			);
			runOnlyForDeploymentPostprocessing = 0;
		};
/* End PBXFrameworksBuildPhase section */

/* Begin PBXGroup section */
		248EBF3222C6039100FB94D6 = {
			isa = PBXGroup;
			children = (
				248EBF3D22C6039100FB94D6 /* didactic-waffle */,
				248EBF5222C6039200FB94D6 /* didactic-waffleUITests */,
				248EBF3C22C6039100FB94D6 /* Products */,
			);
			sourceTree = "<group>";
		};
		248EBF3C22C6039100FB94D6 /* Products */ = {
			isa = PBXGroup;
			children = (
				248EBF3B22C6039100FB94D6 /* didactic-waffle.app */,
				248EBF4F22C6039200FB94D6 /* didactic-waffleUITests.xctest */,
			);
			name = Products;
			sourceTree = "<group>";
		};
		248EBF3D22C6039100FB94D6 /* didactic-waffle */ = {
			isa = PBXGroup;
			children = (
				248EBF3E22C6039100FB94D6 /* AppDelegate.swift */,
				248EBF4022C6039100FB94D6 /* ViewController.swift */,
				248EBF4222C6039100FB94D6 /* Main.storyboard */,
				248EBF4522C6039200FB94D6 /* Assets.xcassets */,
				248EBF4722C6039200FB94D6 /* LaunchScreen.storyboard */,
				248EBF4A22C6039200FB94D6 /* Info.plist */,
			);
			path = "didactic-waffle";
			sourceTree = "<group>";
		};
		248EBF5222C6039200FB94D6 /* didactic-waffleUITests */ = {
			isa = PBXGroup;
			children = (
				248EBF5322C6039200FB94D6 /* didactic_waffleUITests.swift */,
				248EBF5522C6039200FB94D6 /* Info.plist */,
			);
			path = "didactic-waffleUITests";
			sourceTree = "<group>";
		};
/* End PBXGroup section */

/* Begin PBXNativeTarget section */
		248EBF3A22C6039100FB94D6 /* didactic-waffle */ = {
			isa = PBXNativeTarget;
			buildConfigurationList = 248EBF5822C6039200FB94D6 /* Build configuration list for PBXNativeTarget "didactic-waffle" */;
			buildPhases = (
				248EBF3722C6039100FB94D6 /* Sources */,
				248EBF3822C6039100FB94D6 /* Frameworks */,
				248EBF3922C6039100FB94D6 /* Resources */,
			);
			buildRules = (
			);
			dependencies = (
			);
			name = "didactic-waffle";
			productName = "didactic-waffle";
			productReference = 248EBF3B22C6039100FB94D6 /* didactic-waffle.app */;
			productType = "com.apple.product-type.application";
		};
		248EBF4E22C6039200FB94D6 /* didactic-waffleUITests */ = {
			isa = PBXNativeTarget;
			buildConfigurationList = 248EBF5B22C6039200FB94D6 /* Build configuration list for PBXNativeTarget "didactic-waffleUITests" */;
			buildPhases = (
				248EBF4B22C6039200FB94D6 /* Sources */,
				248EBF4C22C6039200FB94D6 /* Frameworks */,
				248EBF4D22C6039200FB94D6 /* Resources */,
			);
			buildRules = (
			);
			dependencies = (
				248EBF5122C6039200FB94D6 /* PBXTargetDependency */,
			);
			name = "didactic-waffleUITests";
			productName = "didactic-waffleUITests";
			productReference = 248EBF4F22C6039200FB94D6 /* didactic-waffleUITests.xctest */;
			productType = "com.apple.product-type.bundle.ui-testing";
		};
/* End PBXNativeTarget section */

/* Begin PBXProject section */
		248EBF3322C6039100FB94D6 /* Project object */ = {
			isa = PBXProject;
			attributes = {
				LastSwiftUpdateCheck = 1020;
				LastUpgradeCheck = 1020;
				ORGANIZATIONNAME = temp;
				TargetAttributes = {
					248EBF3A22C6039100FB94D6 = {
						CreatedOnToolsVersion = 10.2.1;
					};
					248EBF4E22C6039200FB94D6 = {
						CreatedOnToolsVersion = 10.2.1;
						TestTargetID = 248EBF3A22C6039100FB94D6;
					};
				};
			};
			buildConfigurationList = 248EBF3622C6039100FB94D6 /* Build configuration list for PBXProject "didactic-waffle" */;
			compatibilityVersion = "Xcode 9.3";
			developmentRegion = en;
			hasScannedForEncodings = 0;
			knownRegions = (
				en,
				Base,
			);
			mainGroup = 248EBF3222C6039100FB94D6;
			productRefGroup = 248EBF3C22C6039100FB94D6 /* Products */;
			projectDirPath = "";
			projectRoot = "";
			targets = (
				248EBF3A22C6039100FB94D6 /* didactic-waffle */,
				248EBF4E22C6039200FB94D6 /* didactic-waffleUITests */,
			);
		};
/* End PBXProject section */

/* Begin PBXResourcesBuildPhase section */
		248EBF3922C6039100FB94D6 /* Resources */ = {
			isa = PBXResourcesBuildPhase;
			buildActionMask = 2147483647;
			files = (
				248EBF4922C6039200FB94D6 /* LaunchScreen.storyboard in Resources */,
				248EBF4622C6039200FB94D6 /* Assets.xcassets in Resources */,
				248EBF4422C6039100FB94D6 /* Main.storyboard in Resources */,
			);
			runOnlyForDeploymentPostprocessing = 0;
		};
		248EBF4D22C6039200FB94D6 /* Resources */ = {
			isa = PBXResourcesBuildPhase;
			buildActionMask = 2147483647;
			files = (
			);
			runOnlyForDeploymentPostprocessing = 0;
		};
/* End PBXResourcesBuildPhase section */

/* Begin PBXSourcesBuildPhase section */
		248EBF3722C6039100FB94D6 /* Sources */ = {
			isa = PBXSourcesBuildPhase;
			buildActionMask = 2147483647;
			files = (
				248EBF4122C6039100FB94D6 /* ViewController.swift in Sources */,
				248EBF3F22C6039100FB94D6 /* AppDelegate.swift in Sources */,
			);
			runOnlyForDeploymentPostprocessing = 0;
		};
		248EBF4B22C6039200FB94D6 /* Sources */ = {
			isa = PBXSourcesBuildPhase;
			buildActionMask = 2147483647;
			files = (
				248EBF5422C6039200FB94D6 /* didactic_waffleUITests.swift in Sources */,
			);
			runOnlyForDeploymentPostprocessing = 0;
		};
/* End PBXSourcesBuildPhase section */

/* Begin PBXTargetDependency section */
		248EBF5122C6039200FB94D6 /* PBXTargetDependency */ = {
			isa = PBXTargetDependency;
			target = 248EBF3A22C6039100FB94D6 /* didactic-waffle */;
			targetProxy = 248EBF5022C6039200FB94D6 /* PBXContainerItemProxy */;
		};
/* End PBXTargetDependency section */

/* Begin PBXVariantGroup section */
		248EBF4222C6039100FB94D6 /* Main.storyboard */ = {
			isa = PBXVariantGroup;
			children = (
				248EBF4322C6039100FB94D6 /* Base */,
			);
			name = Main.storyboard;
			sourceTree = "<group>";
		};
		248EBF4722C6039200FB94D6 /* LaunchScreen.storyboard */ = {
			isa = PBXVariantGroup;
			children = (
				248EBF4822C6039200FB94D6 /* Base */,
			);
			name = LaunchScreen.storyboard;
			sourceTree = "<group>";
		};
/* End PBXVariantGroup section */

/* Begin XCBuildConfiguration section */
		248EBF5622C6039200FB94D6 /* Debug */ = {
			isa = XCBuildConfiguration;
			buildSettings = {
				ALWAYS_SEARCH_USER_PATHS = NO;
				CLANG_ANALYZER_NONNULL = YES;
				CLANG_ANALYZER_NUMBER_OBJECT_CONVERSION = YES_AGGRESSIVE;
				CLANG_CXX_LANGUAGE_STANDARD = "gnu++14";
				CLANG_CXX_LIBRARY = "libc++";
				CLANG_ENABLE_MODULES = YES;
				CLANG_ENABLE_OBJC_ARC = YES;
				CLANG_ENABLE_OBJC_WEAK = YES;
				CLANG_WARN_BLOCK_CAPTURE_AUTORELEASING = YES;
				CLANG_WARN_BOOL_CONVERSION = YES;
				CLANG_WARN_COMMA = YES;
				CLANG_WARN_CONSTANT_CONVERSION = YES;
				CLANG_WARN_DEPRECATED_OBJC_IMPLEMENTATIONS = YES;
				CLANG_WARN_DIRECT_OBJC_ISA_USAGE = YES_ERROR;
				CLANG_WARN_DOCUMENTATION_COMMENTS = YES;
				CLANG_WARN_EMPTY_BODY = YES;
				CLANG_WARN_ENUM_CONVERSION = YES;
				CLANG_WARN_INFINITE_RECURSION = YES;
				CLANG_WARN_INT_CONVERSION = YES;
				CLANG_WARN_NON_LITERAL_NULL_CONVERSION = YES;
				CLANG_WARN_OBJC_IMPLICIT_RETAIN_SELF = YES;
				CLANG_WARN_OBJC_LITERAL_CONVERSION = YES;
				CLANG_WARN_OBJC_ROOT_CLASS = YES_ERROR;
				CLANG_WARN_RANGE_LOOP_ANALYSIS = YES;
				CLANG_WARN_STRICT_PROTOTYPES = YES;
				CLANG_WARN_SUSPICIOUS_MOVE = YES;
				CLANG_WARN_UNGUARDED_AVAILABILITY = YES_AGGRESSIVE;
				CLANG_WARN_UNREACHABLE_CODE = YES;
				CLANG_WARN__DUPLICATE_METHOD_MATCH = YES;
				CODE_SIGN_IDENTITY = "iPhone Developer";
				COPY_PHASE_STRIP = NO;
				DEBUG_INFORMATION_FORMAT = dwarf;
				ENABLE_STRICT_OBJC_MSGSEND = YES;
				ENABLE_TESTABILITY = YES;
				GCC_C_LANGUAGE_STANDARD = gnu11;
				GCC_DYNAMIC_NO_PIC = NO;
				GCC_NO_COMMON_BLOCKS = YES;
				GCC_OPTIMIZATION_LEVEL = 0;
				GCC_PREPROCESSOR_DEFINITIONS = (
					"DEBUG=1",
					"$(inherited)",
				);
				GCC_WARN_64_TO_32_BIT_CONVERSION = YES;
				GCC_WARN_ABOUT_RETURN_TYPE = YES_ERROR;
				GCC_WARN_UNDECLARED_SELECTOR = YES;
				GCC_WARN_UNINITIALIZED_AUTOS = YES_AGGRESSIVE;
				GCC_WARN_UNUSED_FUNCTION = YES;
				GCC_WARN_UNUSED_VARIABLE = YES;
				IPHONEOS_DEPLOYMENT_TARGET = 12.2;
				MTL_ENABLE_DEBUG_INFO = INCLUDE_SOURCE;
				MTL_FAST_MATH = YES;
				ONLY_ACTIVE_ARCH = YES;
				SDKROOT = iphoneos;
				SWIFT_ACTIVE_COMPILATION_CONDITIONS = DEBUG;
				SWIFT_OPTIMIZATION_LEVEL = "-Onone";
			};
			name = Debug;
		};
		248EBF5722C6039200FB94D6 /* Release */ = {
			isa = XCBuildConfiguration;
			buildSettings = {
				ALWAYS_SEARCH_USER_PATHS = NO;
				CLANG_ANALYZER_NONNULL = YES;
				CLANG_ANALYZER_NUMBER_OBJECT_CONVERSION = YES_AGGRESSIVE;
				CLANG_CXX_LANGUAGE_STANDARD = "gnu++14";
				CLANG_CXX_LIBRARY = "libc++";
				CLANG_ENABLE_MODULES = YES;
				CLANG_ENABLE_OBJC_ARC = YES;
				CLANG_ENABLE_OBJC_WEAK = YES;
				CLANG_WARN_BLOCK_CAPTURE_AUTORELEASING = YES;
				CLANG_WARN_BOOL_CONVERSION = YES;
				CLANG_WARN_COMMA = YES;
				CLANG_WARN_CONSTANT_CONVERSION = YES;
				CLANG_WARN_DEPRECATED_OBJC_IMPLEMENTATIONS = YES;
				CLANG_WARN_DIRECT_OBJC_ISA_USAGE = YES_ERROR;
				CLANG_WARN_DOCUMENTATION_COMMENTS = YES;
				CLANG_WARN_EMPTY_BODY = YES;
				CLANG_WARN_ENUM_CONVERSION = YES;
				CLANG_WARN_INFINITE_RECURSION = YES;
				CLANG_WARN_INT_CONVERSION = YES;
				CLANG_WARN_NON_LITERAL_NULL_CONVERSION = YES;
				CLANG_WARN_OBJC_IMPLICIT_RETAIN_SELF = YES;
				CLANG_WARN_OBJC_LITERAL_CONVERSION = YES;
				CLANG_WARN_OBJC_ROOT_CLASS = YES_ERROR;
				CLANG_WARN_RANGE_LOOP_ANALYSIS = YES;
				CLANG_WARN_STRICT_PROTOTYPES = YES;
				CLANG_WARN_SUSPICIOUS_MOVE = YES;
				CLANG_WARN_UNGUARDED_AVAILABILITY = YES_AGGRESSIVE;
				CLANG_WARN_UNREACHABLE_CODE = YES;
				CLANG_WARN__DUPLICATE_METHOD_MATCH = YES;
				CODE_SIGN_IDENTITY = "iPhone Developer";
				COPY_PHASE_STRIP = NO;
				DEBUG_INFORMATION_FORMAT = "dwarf-with-dsym";
				ENABLE_NS_ASSERTIONS = NO;
				ENABLE_STRICT_OBJC_MSGSEND = YES;
				GCC_C_LANGUAGE_STANDARD = gnu11;
				GCC_NO_COMMON_BLOCKS = YES;
				GCC_WARN_64_TO_32_BIT_CONVERSION = YES;
				GCC_WARN_ABOUT_RETURN_TYPE = YES_ERROR;
				GCC_WARN_UNDECLARED_SELECTOR = YES;
				GCC_WARN_UNINITIALIZED_AUTOS = YES_AGGRESSIVE;
				GCC_WARN_UNUSED_FUNCTION = YES;
				GCC_WARN_UNUSED_VARIABLE = YES;
				IPHONEOS_DEPLOYMENT_TARGET = 12.2;
				MTL_ENABLE_DEBUG_INFO = NO;
				MTL_FAST_MATH = YES;
				SDKROOT = iphoneos;
				SWIFT_COMPILATION_MODE = wholemodule;
				SWIFT_OPTIMIZATION_LEVEL = "-O";
				VALIDATE_PRODUCT = YES;
			};
			name = Release;
		};
		248EBF5922C6039200FB94D6 /* Debug */ = {
			isa = XCBuildConfiguration;
			buildSettings = {
				ASSETCATALOG_COMPILER_APPICON_NAME = AppIcon;
				CODE_SIGN_STYLE = Automatic;
				DEVELOPMENT_TEAM = 7ZVMMF7RSQ;
				INFOPLIST_FILE = "didactic-waffle/Info.plist";
				LD_RUNPATH_SEARCH_PATHS = (
					"$(inherited)",
					"@executable_path/Frameworks",
				);
				PRODUCT_BUNDLE_IDENTIFIER = "com.paradox.didactic-waffle";
				PRODUCT_NAME = "$(TARGET_NAME)";
				SWIFT_VERSION = 5.0;
				TARGETED_DEVICE_FAMILY = "1,2";
			};
			name = Debug;
		};
		248EBF5A22C6039200FB94D6 /* Release */ = {
			isa = XCBuildConfiguration;
			buildSettings = {
				ASSETCATALOG_COMPILER_APPICON_NAME = AppIcon;
				CODE_SIGN_STYLE = Automatic;
				DEVELOPMENT_TEAM = 7ZVMMF7RSQ;
				INFOPLIST_FILE = "didactic-waffle/Info.plist";
				LD_RUNPATH_SEARCH_PATHS = (
					"$(inherited)",
					"@executable_path/Frameworks",
				);
				PRODUCT_BUNDLE_IDENTIFIER = "com.paradox.didactic-waffle";
				PRODUCT_NAME = "$(TARGET_NAME)";
				SWIFT_VERSION = 5.0;
				TARGETED_DEVICE_FAMILY = "1,2";
			};
			name = Release;
		};
		248EBF5C22C6039200FB94D6 /* Debug */ = {
			isa = XCBuildConfiguration;
			buildSettings = {
				ALWAYS_EMBED_SWIFT_STANDARD_LIBRARIES = YES;
				CODE_SIGN_STYLE = Automatic;
				DEVELOPMENT_TEAM = 7ZVMMF7RSQ;
				INFOPLIST_FILE = "didactic-waffleUITests/Info.plist";
				LD_RUNPATH_SEARCH_PATHS = (
					"$(inherited)",
					"@executable_path/Frameworks",
					"@loader_path/Frameworks",
				);
				PRODUCT_BUNDLE_IDENTIFIER = "com.paradox.didactic-waffleUITests";
				PRODUCT_NAME = "$(TARGET_NAME)";
				SWIFT_VERSION = 5.0;
				TARGETED_DEVICE_FAMILY = "1,2";
				TEST_TARGET_NAME = "didactic-waffle";
			};
			name = Debug;
		};
		248EBF5D22C6039200FB94D6 /* Release */ = {
			isa = XCBuildConfiguration;
			buildSettings = {
				ALWAYS_EMBED_SWIFT_STANDARD_LIBRARIES = YES;
				CODE_SIGN_STYLE = Automatic;
				DEVELOPMENT_TEAM = 7ZVMMF7RSQ;
				INFOPLIST_FILE = "didactic-waffleUITests/Info.plist";
				LD_RUNPATH_SEARCH_PATHS = (
					"$(inherited)",
					"@executable_path/Frameworks",
					"@loader_path/Frameworks",
				);
				PRODUCT_BUNDLE_IDENTIFIER = "com.paradox.didactic-waffleUITests";
				PRODUCT_NAME = "$(TARGET_NAME)";
				SWIFT_VERSION = 5.0;
				TARGETED_DEVICE_FAMILY = "1,2";
				TEST_TARGET_NAME = "didactic-waffle";
			};
			name = Release;
		};
/* End XCBuildConfiguration section */

/* Begin XCConfigurationList section */
		248EBF3622C6039100FB94D6 /* Build configuration list for PBXProject "didactic-waffle" */ = {
			isa = XCConfigurationList;
			buildConfigurations = (
				248EBF5622C6039200FB94D6 /* Debug */,
				248EBF5722C6039200FB94D6 /* Release */,
			);
			defaultConfigurationIsVisible = 0;
			defaultConfigurationName = Release;
		};
		248EBF5822C6039200FB94D6 /* Build configuration list for PBXNativeTarget "didactic-waffle" */ = {
			isa = XCConfigurationList;
			buildConfigurations = (
				248EBF5922C6039200FB94D6 /* Debug */,
				248EBF5A22C6039200FB94D6 /* Release */,
			);
			defaultConfigurationIsVisible = 0;
			defaultConfigurationName = Release;
		};
		248EBF5B22C6039200FB94D6 /* Build configuration list for PBXNativeTarget "didactic-waffleUITests" */ = {
			isa = XCConfigurationList;
			buildConfigurations = (
				248EBF5C22C6039200FB94D6 /* Debug */,
				248EBF5D22C6039200FB94D6 /* Release */,
			);
			defaultConfigurationIsVisible = 0;
			defaultConfigurationName = Release;
		};
/* End XCConfigurationList section */
	};
	rootObject = 248EBF3322C6039100FB94D6 /* Project object */;
}
